
Microsoft Visual Studio Solution File, Format Version 12.00
# Visual Studio Version 17
VisualStudioVersion = 17.1.32407.343
MinimumVisualStudioVersion = 10.0.40219.1
Project("{888888A0-9F3D-457C-B088-3A5042F75D52}") = "FlaskWebProject2", "FlaskWebProject2\FlaskWebProject2.pyproj", "{E1FF0476-3EAD-4F50-AF43-B5A65AEA04A2}"
EndProject
Project("{2150E333-8FDC-42A3-9474-1A3956D46DE8}") = "Solution Items", "Solution Items", "{C71A9359-64BA-46E9-9761-6F557C4E0896}"
	ProjectSection(SolutionItems) = preProject
		docker-compose.yml = docker-compose.yml
	EndProjectSection
EndProject
Project("{2150E333-8FDC-42A3-9474-1A3956D46DE8}") = "data", "data", "{34D0FE7B-6BC0-49E3-A2D1-ABBCFF3DC083}"
EndProject
Global
	GlobalSection(SolutionConfigurationPlatforms) = preSolution
		Debug|Any CPU = Debug|Any CPU
		Release|Any CPU = Release|Any CPU
	EndGlobalSection
	GlobalSection(ProjectConfigurationPlatforms) = postSolution
		{E1FF0476-3EAD-4F50-AF43-B5A65AEA04A2}.Debug|Any CPU.ActiveCfg = Debug|Any CPU
		{E1FF0476-3EAD-4F50-AF43-B5A65AEA04A2}.Debug|Any CPU.Build.0 = Debug|Any CPU
		{E1FF0476-3EAD-4F50-AF43-B5A65AEA04A2}.Release|Any CPU.ActiveCfg = Release|Any CPU
		{E1FF0476-3EAD-4F50-AF43-B5A65AEA04A2}.Release|Any CPU.Build.0 = Release|Any CPU
	EndGlobalSection
	GlobalSection(SolutionProperties) = preSolution
		HideSolutionNode = FALSE
	EndGlobalSection
	GlobalSection(ExtensibilityGlobals) = postSolution
		SolutionGuid = {086B4A35-43B9-4942-A07A-CAE003EE1B28}
	EndGlobalSection
EndGlobal
